
Microsoft Visual Studio Solution File, Format Version 12.00
# Visual Studio Version 16
VisualStudioVersion = 16.0.29009.5
MinimumVisualStudioVersion = 10.0.40219.1
Project("{FAE04EC0-301F-11D3-BF4B-00C04F79EFBC}") = "PPE 1 GSBCAR", "PPE 1 GSBCAR\PPE 1 GSBCAR.csproj", "{5B7F513A-F894-4619-89AF-47333EF05E43}"
EndProject
Global
	GlobalSection(SolutionConfigurationPlatforms) = preSolution
		Debug|Any CPU = Debug|Any CPU
		Release|Any CPU = Release|Any CPU
	EndGlobalSection
	GlobalSection(ProjectConfigurationPlatforms) = postSolution
		{5B7F513A-F894-4619-89AF-47333EF05E43}.Debug|Any CPU.ActiveCfg = Debug|Any CPU
		{5B7F513A-F894-4619-89AF-47333EF05E43}.Debug|Any CPU.Build.0 = Debug|Any CPU
		{5B7F513A-F894-4619-89AF-47333EF05E43}.Release|Any CPU.ActiveCfg = Release|Any CPU
		{5B7F513A-F894-4619-89AF-47333EF05E43}.Release|Any CPU.Build.0 = Release|Any CPU
	EndGlobalSection
	GlobalSection(SolutionProperties) = preSolution
		HideSolutionNode = FALSE
	EndGlobalSection
	GlobalSection(ExtensibilityGlobals) = postSolution
		SolutionGuid = {D8BF46BF-4807-485F-9D03-03CB60C71780}
	EndGlobalSection
EndGlobal
